
Microsoft Visual Studio Solution File, Format Version 12.00
# Visual Studio Version 16
VisualStudioVersion = 16.0.30907.101
MinimumVisualStudioVersion = 10.0.40219.1
Project("{FAE04EC0-301F-11D3-BF4B-00C04F79EFBC}") = "Lab3", "Lab3.csproj", "{78B79186-201F-4618-A11C-EC75CED63F64}"
EndProject
Global
	GlobalSection(SolutionConfigurationPlatforms) = preSolution
		Debug|Any CPU = Debug|Any CPU
		Release|Any CPU = Release|Any CPU
	EndGlobalSection
	GlobalSection(ProjectConfigurationPlatforms) = postSolution
		{78B79186-201F-4618-A11C-EC75CED63F64}.Debug|Any CPU.ActiveCfg = Debug|Any CPU
		{78B79186-201F-4618-A11C-EC75CED63F64}.Debug|Any CPU.Build.0 = Debug|Any CPU
		{78B79186-201F-4618-A11C-EC75CED63F64}.Release|Any CPU.ActiveCfg = Release|Any CPU
		{78B79186-201F-4618-A11C-EC75CED63F64}.Release|Any CPU.Build.0 = Release|Any CPU
	EndGlobalSection
	GlobalSection(SolutionProperties) = preSolution
		HideSolutionNode = FALSE
	EndGlobalSection
	GlobalSection(ExtensibilityGlobals) = postSolution
		SolutionGuid = {99AB8808-0FAA-4028-8BB1-F2FFEF9A591D}
	EndGlobalSection
EndGlobal
